
Microsoft Visual Studio Solution File, Format Version 12.00
# Visual Studio 15
VisualStudioVersion = 15.0.28307.106
MinimumVisualStudioVersion = 10.0.40219.1
Project("{FAE04EC0-301F-11D3-BF4B-00C04F79EFBC}") = "SimpleMVC", "SimpleMVC\SimpleMVC.csproj", "{7364A6CD-319C-4898-9EBD-E0FADC2B995D}"
EndProject
Global
	GlobalSection(SolutionConfigurationPlatforms) = preSolution
		Debug|Any CPU = Debug|Any CPU
		Release|Any CPU = Release|Any CPU
	EndGlobalSection
	GlobalSection(ProjectConfigurationPlatforms) = postSolution
		{7364A6CD-319C-4898-9EBD-E0FADC2B995D}.Debug|Any CPU.ActiveCfg = Debug|Any CPU
		{7364A6CD-319C-4898-9EBD-E0FADC2B995D}.Debug|Any CPU.Build.0 = Debug|Any CPU
		{7364A6CD-319C-4898-9EBD-E0FADC2B995D}.Release|Any CPU.ActiveCfg = Release|Any CPU
		{7364A6CD-319C-4898-9EBD-E0FADC2B995D}.Release|Any CPU.Build.0 = Release|Any CPU
	EndGlobalSection
	GlobalSection(SolutionProperties) = preSolution
		HideSolutionNode = FALSE
	EndGlobalSection
	GlobalSection(ExtensibilityGlobals) = postSolution
		SolutionGuid = {193AA248-A319-4FEE-9C41-89B7A7D33869}
	EndGlobalSection
EndGlobal
