
Microsoft Visual Studio Solution File, Format Version 12.00
# Visual Studio 15
VisualStudioVersion = 15.0.28307.106
MinimumVisualStudioVersion = 10.0.40219.1
Project("{FAE04EC0-301F-11D3-BF4B-00C04F79EFBC}") = "SimpleWebApi", "SimpleWebApi\SimpleWebApi.csproj", "{DEFA3443-7671-41B2-8DD1-2615EE3E5BC5}"
EndProject
Global
	GlobalSection(SolutionConfigurationPlatforms) = preSolution
		Debug|Any CPU = Debug|Any CPU
		Release|Any CPU = Release|Any CPU
	EndGlobalSection
	GlobalSection(ProjectConfigurationPlatforms) = postSolution
		{DEFA3443-7671-41B2-8DD1-2615EE3E5BC5}.Debug|Any CPU.ActiveCfg = Debug|Any CPU
		{DEFA3443-7671-41B2-8DD1-2615EE3E5BC5}.Debug|Any CPU.Build.0 = Debug|Any CPU
		{DEFA3443-7671-41B2-8DD1-2615EE3E5BC5}.Release|Any CPU.ActiveCfg = Release|Any CPU
		{DEFA3443-7671-41B2-8DD1-2615EE3E5BC5}.Release|Any CPU.Build.0 = Release|Any CPU
	EndGlobalSection
	GlobalSection(SolutionProperties) = preSolution
		HideSolutionNode = FALSE
	EndGlobalSection
	GlobalSection(ExtensibilityGlobals) = postSolution
		SolutionGuid = {1FCA12B4-6EB6-4440-B7E1-17B719C099C6}
	EndGlobalSection
EndGlobal
