
Microsoft Visual Studio Solution File, Format Version 12.00
# Visual Studio 15
Project("{FAE04EC0-301F-11D3-BF4B-00C04F79EFBC}") = "LeetCode", "LeetCode\LeetCode.csproj", "{908F31AC-FBAF-4DB1-A6E8-69AB66717DEA}"
EndProject
Global
	GlobalSection(SolutionConfigurationPlatforms) = preSolution
		Debug|Any CPU = Debug|Any CPU
		Release|Any CPU = Release|Any CPU
	EndGlobalSection
	GlobalSection(ProjectConfigurationPlatforms) = postSolution
		{908F31AC-FBAF-4DB1-A6E8-69AB66717DEA}.Debug|Any CPU.ActiveCfg = Debug|Any CPU
		{908F31AC-FBAF-4DB1-A6E8-69AB66717DEA}.Debug|Any CPU.Build.0 = Debug|Any CPU
		{908F31AC-FBAF-4DB1-A6E8-69AB66717DEA}.Release|Any CPU.ActiveCfg = Release|Any CPU
		{908F31AC-FBAF-4DB1-A6E8-69AB66717DEA}.Release|Any CPU.Build.0 = Release|Any CPU
	EndGlobalSection
EndGlobal
