
Microsoft Visual Studio Solution File, Format Version 12.00
# Visual Studio 15
VisualStudioVersion = 15.0.28010.2046
MinimumVisualStudioVersion = 10.0.40219.1
Project("{FAE04EC0-301F-11D3-BF4B-00C04F79EFBC}") = "DIFactory", "DIFactory\DIFactory.csproj", "{2EDE1272-B704-4821-900B-354AAA0A116C}"
EndProject
Global
	GlobalSection(SolutionConfigurationPlatforms) = preSolution
		Debug|Any CPU = Debug|Any CPU
		Release|Any CPU = Release|Any CPU
	EndGlobalSection
	GlobalSection(ProjectConfigurationPlatforms) = postSolution
		{2EDE1272-B704-4821-900B-354AAA0A116C}.Debug|Any CPU.ActiveCfg = Debug|Any CPU
		{2EDE1272-B704-4821-900B-354AAA0A116C}.Debug|Any CPU.Build.0 = Debug|Any CPU
		{2EDE1272-B704-4821-900B-354AAA0A116C}.Release|Any CPU.ActiveCfg = Release|Any CPU
		{2EDE1272-B704-4821-900B-354AAA0A116C}.Release|Any CPU.Build.0 = Release|Any CPU
	EndGlobalSection
	GlobalSection(SolutionProperties) = preSolution
		HideSolutionNode = FALSE
	EndGlobalSection
	GlobalSection(ExtensibilityGlobals) = postSolution
		SolutionGuid = {70BDE2FF-0987-46DF-BA57-7E9EE9FC9BD1}
	EndGlobalSection
EndGlobal
